
Microsoft Visual Studio Solution File, Format Version 12.00
# Visual Studio Version 17
VisualStudioVersion = 17.5.33502.453
MinimumVisualStudioVersion = 10.0.40219.1
Project("{9A19103F-16F7-4668-BE54-9A1E7A4F7556}") = "code.challenge.Api", "code.challenge.Api\code.challenge.Api.csproj", "{D6333260-7025-4348-BB98-A828F9893732}"
EndProject
Project("{9A19103F-16F7-4668-BE54-9A1E7A4F7556}") = "code.challenge.Core", "code.challenge.Core\code.challenge.Core.csproj", "{271E32AB-F371-4A8D-9C74-52DC7437D41A}"
EndProject
Project("{9A19103F-16F7-4668-BE54-9A1E7A4F7556}") = "code.challenge.Service", "code.challenge.Service\code.challenge.Service.csproj", "{EF91173B-97A0-4CF1-A1BF-AF8100966A28}"
EndProject
Project("{9A19103F-16F7-4668-BE54-9A1E7A4F7556}") = "code.challenge.Repository", "code.challenge.Repository\code.challenge.Repository.csproj", "{F288D962-1C9B-4BEE-BA10-428E2EFD8B6B}"
EndProject
Global
	GlobalSection(SolutionConfigurationPlatforms) = preSolution
		Debug|Any CPU = Debug|Any CPU
		Release|Any CPU = Release|Any CPU
	EndGlobalSection
	GlobalSection(ProjectConfigurationPlatforms) = postSolution
		{D6333260-7025-4348-BB98-A828F9893732}.Debug|Any CPU.ActiveCfg = Debug|Any CPU
		{D6333260-7025-4348-BB98-A828F9893732}.Debug|Any CPU.Build.0 = Debug|Any CPU
		{D6333260-7025-4348-BB98-A828F9893732}.Release|Any CPU.ActiveCfg = Release|Any CPU
		{D6333260-7025-4348-BB98-A828F9893732}.Release|Any CPU.Build.0 = Release|Any CPU
		{271E32AB-F371-4A8D-9C74-52DC7437D41A}.Debug|Any CPU.ActiveCfg = Debug|Any CPU
		{271E32AB-F371-4A8D-9C74-52DC7437D41A}.Debug|Any CPU.Build.0 = Debug|Any CPU
		{271E32AB-F371-4A8D-9C74-52DC7437D41A}.Release|Any CPU.ActiveCfg = Release|Any CPU
		{271E32AB-F371-4A8D-9C74-52DC7437D41A}.Release|Any CPU.Build.0 = Release|Any CPU
		{EF91173B-97A0-4CF1-A1BF-AF8100966A28}.Debug|Any CPU.ActiveCfg = Debug|Any CPU
		{EF91173B-97A0-4CF1-A1BF-AF8100966A28}.Debug|Any CPU.Build.0 = Debug|Any CPU
		{EF91173B-97A0-4CF1-A1BF-AF8100966A28}.Release|Any CPU.ActiveCfg = Release|Any CPU
		{EF91173B-97A0-4CF1-A1BF-AF8100966A28}.Release|Any CPU.Build.0 = Release|Any CPU
		{F288D962-1C9B-4BEE-BA10-428E2EFD8B6B}.Debug|Any CPU.ActiveCfg = Debug|Any CPU
		{F288D962-1C9B-4BEE-BA10-428E2EFD8B6B}.Debug|Any CPU.Build.0 = Debug|Any CPU
		{F288D962-1C9B-4BEE-BA10-428E2EFD8B6B}.Release|Any CPU.ActiveCfg = Release|Any CPU
		{F288D962-1C9B-4BEE-BA10-428E2EFD8B6B}.Release|Any CPU.Build.0 = Release|Any CPU
	EndGlobalSection
	GlobalSection(SolutionProperties) = preSolution
		HideSolutionNode = FALSE
	EndGlobalSection
	GlobalSection(ExtensibilityGlobals) = postSolution
		SolutionGuid = {756C6C3C-E7CF-47B3-A3B0-070F365B7E52}
	EndGlobalSection
EndGlobal
